{
  "requires": true,
  "lockfileVersion": 1,
  "dependencies": {
    "dompurify": {
      "version": "2.2.9",
      "resolved": "https://registry.npmjs.org/dompurify/-/dompurify-2.2.9.tgz",
      "integrity": "sha512-+9MqacuigMIZ+1+EwoEltogyWGFTJZWU3258Rupxs+2CGs4H914G9er6pZbsme/bvb5L67o2rade9n21e4RW/w=="
    }
  }
}
